
Microsoft Visual Studio Solution File, Format Version 12.00
# Visual Studio Version 17
VisualStudioVersion = 17.3.32825.248
MinimumVisualStudioVersion = 10.0.40219.1
Project("{FAE04EC0-301F-11D3-BF4B-00C04F79EFBC}") = "SnakesLadders", "SnakesLadders.csproj", "{A37E745D-E01F-4FBC-B125-EA121EABC6FE}"
EndProject
Global
	GlobalSection(SolutionConfigurationPlatforms) = preSolution
		Debug|Any CPU = Debug|Any CPU
		Release|Any CPU = Release|Any CPU
	EndGlobalSection
	GlobalSection(ProjectConfigurationPlatforms) = postSolution
		{A37E745D-E01F-4FBC-B125-EA121EABC6FE}.Debug|Any CPU.ActiveCfg = Debug|Any CPU
		{A37E745D-E01F-4FBC-B125-EA121EABC6FE}.Debug|Any CPU.Build.0 = Debug|Any CPU
		{A37E745D-E01F-4FBC-B125-EA121EABC6FE}.Release|Any CPU.ActiveCfg = Release|Any CPU
		{A37E745D-E01F-4FBC-B125-EA121EABC6FE}.Release|Any CPU.Build.0 = Release|Any CPU
	EndGlobalSection
	GlobalSection(SolutionProperties) = preSolution
		HideSolutionNode = FALSE
	EndGlobalSection
	GlobalSection(ExtensibilityGlobals) = postSolution
		SolutionGuid = {2F4A8954-2B07-48CB-B070-0E8EFB6D414C}
	EndGlobalSection
EndGlobal
