
Microsoft Visual Studio Solution File, Format Version 12.00
# Visual Studio Version 17
VisualStudioVersion = 17.3.32825.248
MinimumVisualStudioVersion = 10.0.40219.1
Project("{FAE04EC0-301F-11D3-BF4B-00C04F79EFBC}") = "SnakesLadders", "SnakesLadders.csproj", "{5C74ABBC-A940-4C54-9D6F-749E9C49E737}"
EndProject
Global
	GlobalSection(SolutionConfigurationPlatforms) = preSolution
		Debug|Any CPU = Debug|Any CPU
		Release|Any CPU = Release|Any CPU
	EndGlobalSection
	GlobalSection(ProjectConfigurationPlatforms) = postSolution
		{5C74ABBC-A940-4C54-9D6F-749E9C49E737}.Debug|Any CPU.ActiveCfg = Debug|Any CPU
		{5C74ABBC-A940-4C54-9D6F-749E9C49E737}.Debug|Any CPU.Build.0 = Debug|Any CPU
		{5C74ABBC-A940-4C54-9D6F-749E9C49E737}.Release|Any CPU.ActiveCfg = Release|Any CPU
		{5C74ABBC-A940-4C54-9D6F-749E9C49E737}.Release|Any CPU.Build.0 = Release|Any CPU
	EndGlobalSection
	GlobalSection(SolutionProperties) = preSolution
		HideSolutionNode = FALSE
	EndGlobalSection
	GlobalSection(ExtensibilityGlobals) = postSolution
		SolutionGuid = {CFE4BC80-D083-4A45-BF9C-88481F884061}
	EndGlobalSection
EndGlobal
