
Microsoft Visual Studio Solution File, Format Version 12.00
# Visual Studio Version 17
VisualStudioVersion = 17.3.32825.248
MinimumVisualStudioVersion = 10.0.40219.1
Project("{FAE04EC0-301F-11D3-BF4B-00C04F79EFBC}") = "HigherLower", "HigherLower.csproj", "{D00CB5C6-B50F-44E5-8623-A72BF62D3326}"
EndProject
Global
	GlobalSection(SolutionConfigurationPlatforms) = preSolution
		Debug|Any CPU = Debug|Any CPU
		Release|Any CPU = Release|Any CPU
	EndGlobalSection
	GlobalSection(ProjectConfigurationPlatforms) = postSolution
		{D00CB5C6-B50F-44E5-8623-A72BF62D3326}.Debug|Any CPU.ActiveCfg = Debug|Any CPU
		{D00CB5C6-B50F-44E5-8623-A72BF62D3326}.Debug|Any CPU.Build.0 = Debug|Any CPU
		{D00CB5C6-B50F-44E5-8623-A72BF62D3326}.Release|Any CPU.ActiveCfg = Release|Any CPU
		{D00CB5C6-B50F-44E5-8623-A72BF62D3326}.Release|Any CPU.Build.0 = Release|Any CPU
	EndGlobalSection
	GlobalSection(SolutionProperties) = preSolution
		HideSolutionNode = FALSE
	EndGlobalSection
	GlobalSection(ExtensibilityGlobals) = postSolution
		SolutionGuid = {5948EDF6-8590-4773-A1F3-BB376FE6A20C}
	EndGlobalSection
EndGlobal
